PackratFormat: 1.4
PackratVersion: 0.7.0
RVersion: 3.4.4
Repos: =https://cloud.r-project.org/

Package: R6
Source: CRAN
Version: 2.5.1

Package: brio
Source: CRAN
Version: 1.1.2

Package: callr
Source: CRAN
Version: 3.7.0
Requires: R6, processx

Package: cli
Source: CRAN
Version: 3.0.1
Requires: glue

Package: crayon
Source: CRAN
Version: 1.4.1

Package: desc
Source: CRAN
Version: 1.3.0
Requires: R6, crayon, rprojroot

Package: diffobj
Source: CRAN
Version: 0.3.4
Requires: crayon

Package: digest
Source: CRAN
Version: 0.6.27

Package: ellipsis
Source: CRAN
Version: 0.3.2
Requires: rlang

Package: evaluate
Source: CRAN
Version: 0.14

Package: fansi
Source: CRAN
Version: 0.5.0

Package: glue
Source: CRAN
Version: 1.4.2

Package: jsonlite
Source: CRAN
Version: 1.7.2

Package: lifecycle
Source: CRAN
Version: 1.0.0
Requires: glue, rlang

Package: magrittr
Source: CRAN
Version: 2.0.1

Package: packrat
Source: CRAN
Version: 0.7.0
Hash: 3d49688287bd2246cd8a58e233be39d5

Package: pillar
Source: CRAN
Version: 1.6.2
Requires: cli, crayon, ellipsis, fansi, lifecycle, rlang, utf8, vctrs

Package: pkgconfig
Source: CRAN
Version: 2.0.3

Package: pkgload
Source: CRAN
Version: 1.2.2
Requires: cli, crayon, desc, rlang, rprojroot, rstudioapi, withr

Package: praise
Source: CRAN
Version: 1.0.0

Package: processx
Source: CRAN
Version: 3.5.2
Requires: R6, ps

Package: ps
Source: CRAN
Version: 1.6.0

Package: rematch2
Source: CRAN
Version: 2.1.2
Requires: tibble

Package: rlang
Source: CRAN
Version: 0.4.11

Package: rprojroot
Source: CRAN
Version: 2.0.2

Package: rstudioapi
Source: CRAN
Version: 0.13

Package: stringi
Source: CRAN
Version: 1.7.4

Package: testthat
Source: CRAN
Version: 3.0.4
Requires: R6, brio, callr, cli, crayon, desc, digest, ellipsis,
    evaluate, jsonlite, lifecycle, magrittr, pkgload, praise, processx,
    ps, rlang, withr, waldo

Package: tibble
Source: CRAN
Version: 3.1.4
Requires: ellipsis, fansi, lifecycle, magrittr, pillar, pkgconfig,
    rlang, vctrs

Package: utf8
Source: CRAN
Version: 1.2.2

Package: vctrs
Source: CRAN
Version: 0.3.8
Requires: ellipsis, glue, rlang

Package: waldo
Source: CRAN
Version: 0.3.1
Requires: cli, diffobj, fansi, glue, rematch2, rlang, tibble

Package: withr
Source: CRAN
Version: 2.4.2
